
Microsoft Visual Studio Solution File, Format Version 12.00
# Visual Studio Version 17
VisualStudioVersion = 17.9.34622.214
MinimumVisualStudioVersion = 10.0.40219.1
Project("{FAE04EC0-301F-11D3-BF4B-00C04F79EFBC}") = "ImageCreatePlaid", "ImageCreatePlaid.csproj", "{8ED3934B-A99C-4437-A80C-ADD09FCD07B8}"
EndProject
Global
	GlobalSection(SolutionConfigurationPlatforms) = preSolution
		Debug|Any CPU = Debug|Any CPU
		Release|Any CPU = Release|Any CPU
	EndGlobalSection
	GlobalSection(ProjectConfigurationPlatforms) = postSolution
		{8ED3934B-A99C-4437-A80C-ADD09FCD07B8}.Debug|Any CPU.ActiveCfg = Debug|Any CPU
		{8ED3934B-A99C-4437-A80C-ADD09FCD07B8}.Debug|Any CPU.Build.0 = Debug|Any CPU
		{8ED3934B-A99C-4437-A80C-ADD09FCD07B8}.Release|Any CPU.ActiveCfg = Release|Any CPU
		{8ED3934B-A99C-4437-A80C-ADD09FCD07B8}.Release|Any CPU.Build.0 = Release|Any CPU
	EndGlobalSection
	GlobalSection(SolutionProperties) = preSolution
		HideSolutionNode = FALSE
	EndGlobalSection
	GlobalSection(ExtensibilityGlobals) = postSolution
		SolutionGuid = {03321EF9-2B9B-4DC2-9979-2B39D6C3093C}
	EndGlobalSection
EndGlobal
